
Microsoft Visual Studio Solution File, Format Version 12.00
# Visual Studio Version 17
VisualStudioVersion = 17.5.33627.172
MinimumVisualStudioVersion = 10.0.40219.1
Project("{FAE04EC0-301F-11D3-BF4B-00C04F79EFBC}") = "Cardinfo", "Cardinfo\Cardinfo.csproj", "{0D0A0F08-28A0-43FA-83B6-6AD10F66ED09}"
EndProject
Global
	GlobalSection(SolutionConfigurationPlatforms) = preSolution
		Debug|Any CPU = Debug|Any CPU
		Release|Any CPU = Release|Any CPU
	EndGlobalSection
	GlobalSection(ProjectConfigurationPlatforms) = postSolution
		{0D0A0F08-28A0-43FA-83B6-6AD10F66ED09}.Debug|Any CPU.ActiveCfg = Debug|Any CPU
		{0D0A0F08-28A0-43FA-83B6-6AD10F66ED09}.Debug|Any CPU.Build.0 = Debug|Any CPU
		{0D0A0F08-28A0-43FA-83B6-6AD10F66ED09}.Release|Any CPU.ActiveCfg = Release|Any CPU
		{0D0A0F08-28A0-43FA-83B6-6AD10F66ED09}.Release|Any CPU.Build.0 = Release|Any CPU
	EndGlobalSection
	GlobalSection(SolutionProperties) = preSolution
		HideSolutionNode = FALSE
	EndGlobalSection
	GlobalSection(ExtensibilityGlobals) = postSolution
		SolutionGuid = {5BD6A05F-4CFC-4B44-B78C-89ADDA4DDB96}
	EndGlobalSection
EndGlobal
